// !$*UTF8*$!
{
	archiveVersion = 1;
	classes = {
	};
	objectVersion = 50;
	objects = {

/* Begin PBXBuildFile section */
		1DA84E4826C3EA2600C9B662 /* WeatherData.swift in Sources */ = {isa = PBXBuildFile; fileRef = 1DA84E4726C3EA2600C9B662 /* WeatherData.swift */; };
		1DB3C64626C5036F00F97A76 /* WeatherModel.swift in Sources */ = {isa = PBXBuildFile; fileRef = 1DB3C64526C5036F00F97A76 /* WeatherModel.swift */; };
		1DB7F2F126C27F69003D377A /* WeatherBrain.swift in Sources */ = {isa = PBXBuildFile; fileRef = 1DB7F2F026C27F69003D377A /* WeatherBrain.swift */; };
		1DF0816F26C1BB8500166F58 /* AppDelegate.swift in Sources */ = {isa = PBXBuildFile; fileRef = 1DF0816E26C1BB8500166F58 /* AppDelegate.swift */; };
		1DF0817126C1BB8500166F58 /* SceneDelegate.swift in Sources */ = {isa = PBXBuildFile; fileRef = 1DF0817026C1BB8500166F58 /* SceneDelegate.swift */; };
		1DF0817326C1BB8500166F58 /* ClimaGeneralController.swift in Sources */ = {isa = PBXBuildFile; fileRef = 1DF0817226C1BB8500166F58 /* ClimaGeneralController.swift */; };
		1DF0817626C1BB8500166F58 /* Main.storyboard in Resources */ = {isa = PBXBuildFile; fileRef = 1DF0817426C1BB8500166F58 /* Main.storyboard */; };
		1DF0817826C1BB8600166F58 /* Assets.xcassets in Resources */ = {isa = PBXBuildFile; fileRef = 1DF0817726C1BB8600166F58 /* Assets.xcassets */; };
		1DF0817B26C1BB8600166F58 /* LaunchScreen.storyboard in Resources */ = {isa = PBXBuildFile; fileRef = 1DF0817926C1BB8600166F58 /* LaunchScreen.storyboard */; };
/* End PBXBuildFile section */

/* Begin PBXFileReference section */
		1DA84E4726C3EA2600C9B662 /* WeatherData.swift */ = {isa = PBXFileReference; lastKnownFileType = sourcecode.swift; path = WeatherData.swift; sourceTree = "<group>"; };
		1DB3C64526C5036F00F97A76 /* WeatherModel.swift */ = {isa = PBXFileReference; lastKnownFileType = sourcecode.swift; path = WeatherModel.swift; sourceTree = "<group>"; };
		1DB7F2F026C27F69003D377A /* WeatherBrain.swift */ = {isa = PBXFileReference; lastKnownFileType = sourcecode.swift; path = WeatherBrain.swift; sourceTree = "<group>"; };
		1DF0816B26C1BB8500166F58 /* Clima.app */ = {isa = PBXFileReference; explicitFileType = wrapper.application; includeInIndex = 0; path = Clima.app; sourceTree = BUILT_PRODUCTS_DIR; };
		1DF0816E26C1BB8500166F58 /* AppDelegate.swift */ = {isa = PBXFileReference; lastKnownFileType = sourcecode.swift; path = AppDelegate.swift; sourceTree = "<group>"; };
		1DF0817026C1BB8500166F58 /* SceneDelegate.swift */ = {isa = PBXFileReference; lastKnownFileType = sourcecode.swift; path = SceneDelegate.swift; sourceTree = "<group>"; };
		1DF0817226C1BB8500166F58 /* ClimaGeneralController.swift */ = {isa = PBXFileReference; lastKnownFileType = sourcecode.swift; path = ClimaGeneralController.swift; sourceTree = "<group>"; };
		1DF0817526C1BB8500166F58 /* Base */ = {isa = PBXFileReference; lastKnownFileType = file.storyboard; name = Base; path = Base.lproj/Main.storyboard; sourceTree = "<group>"; };
		1DF0817726C1BB8600166F58 /* Assets.xcassets */ = {isa = PBXFileReference; lastKnownFileType = folder.assetcatalog; path = Assets.xcassets; sourceTree = "<group>"; };
		1DF0817A26C1BB8600166F58 /* Base */ = {isa = PBXFileReference; lastKnownFileType = file.storyboard; name = Base; path = Base.lproj/LaunchScreen.storyboard; sourceTree = "<group>"; };
		1DF0817C26C1BB8600166F58 /* Info.plist */ = {isa = PBXFileReference; lastKnownFileType = text.plist.xml; path = Info.plist; sourceTree = "<group>"; };
/* End PBXFileReference section */

/* Begin PBXFrameworksBuildPhase section */
		1DF0816826C1BB8500166F58 /* Frameworks */ = {
			isa = PBXFrameworksBuildPhase;
			buildActionMask = 2147483647;
			files = (
			);
			runOnlyForDeploymentPostprocessing = 0;
		};
/* End PBXFrameworksBuildPhase section */

/* Begin PBXGroup section */
		1DB7F2ED26C27F16003D377A /* Model */ = {
			isa = PBXGroup;
			children = (
				1DB7F2F026C27F69003D377A /* WeatherBrain.swift */,
				1DB3C64526C5036F00F97A76 /* WeatherModel.swift */,
				1DA84E4726C3EA2600C9B662 /* WeatherData.swift */,
			);
			path = Model;
			sourceTree = "<group>";
		};
		1DB7F2EE26C27F1D003D377A /* View */ = {
			isa = PBXGroup;
			children = (
				1DF0817426C1BB8500166F58 /* Main.storyboard */,
			);
			path = View;
			sourceTree = "<group>";
		};
		1DB7F2EF26C27F34003D377A /* Controller */ = {
			isa = PBXGroup;
			children = (
				1DF0817226C1BB8500166F58 /* ClimaGeneralController.swift */,
			);
			path = Controller;
			sourceTree = "<group>";
		};
		1DF0816226C1BB8500166F58 = {
			isa = PBXGroup;
			children = (
				1DF0816D26C1BB8500166F58 /* Clima */,
				1DF0816C26C1BB8500166F58 /* Products */,
			);
			sourceTree = "<group>";
		};
		1DF0816C26C1BB8500166F58 /* Products */ = {
			isa = PBXGroup;
			children = (
				1DF0816B26C1BB8500166F58 /* Clima.app */,
			);
			name = Products;
			sourceTree = "<group>";
		};
		1DF0816D26C1BB8500166F58 /* Clima */ = {
			isa = PBXGroup;
			children = (
				1DF0816E26C1BB8500166F58 /* AppDelegate.swift */,
				1DF0817026C1BB8500166F58 /* SceneDelegate.swift */,
				1DB7F2ED26C27F16003D377A /* Model */,
				1DB7F2EE26C27F1D003D377A /* View */,
				1DB7F2EF26C27F34003D377A /* Controller */,
				1DF0817726C1BB8600166F58 /* Assets.xcassets */,
				1DF0817926C1BB8600166F58 /* LaunchScreen.storyboard */,
				1DF0817C26C1BB8600166F58 /* Info.plist */,
			);
			path = Clima;
			sourceTree = "<group>";
		};
/* End PBXGroup section */

/* Begin PBXNativeTarget section */
		1DF0816A26C1BB8500166F58 /* Clima */ = {
			isa = PBXNativeTarget;
			buildConfigurationList = 1DF0817F26C1BB8600166F58 /* Build configuration list for PBXNativeTarget "Clima" */;
			buildPhases = (
				1DF0816726C1BB8500166F58 /* Sources */,
				1DF0816826C1BB8500166F58 /* Frameworks */,
				1DF0816926C1BB8500166F58 /* Resources */,
			);
			buildRules = (
			);
			dependencies = (
			);
			name = Clima;
			productName = Clima;
			productReference = 1DF0816B26C1BB8500166F58 /* Clima.app */;
			productType = "com.apple.product-type.application";
		};
/* End PBXNativeTarget section */

/* Begin PBXProject section */
		1DF0816326C1BB8500166F58 /* Project object */ = {
			isa = PBXProject;
			attributes = {
				LastSwiftUpdateCheck = 1250;
				LastUpgradeCheck = 1250;
				TargetAttributes = {
					1DF0816A26C1BB8500166F58 = {
						CreatedOnToolsVersion = 12.5.1;
					};
				};
			};
			buildConfigurationList = 1DF0816626C1BB8500166F58 /* Build configuration list for PBXProject "Clima" */;
			compatibilityVersion = "Xcode 9.3";
			developmentRegion = en;
			hasScannedForEncodings = 0;
			knownRegions = (
				en,
				Base,
			);
			mainGroup = 1DF0816226C1BB8500166F58;
			productRefGroup = 1DF0816C26C1BB8500166F58 /* Products */;
			projectDirPath = "";
			projectRoot = "";
			targets = (
				1DF0816A26C1BB8500166F58 /* Clima */,
			);
		};
/* End PBXProject section */

/* Begin PBXResourcesBuildPhase section */
		1DF0816926C1BB8500166F58 /* Resources */ = {
			isa = PBXResourcesBuildPhase;
			buildActionMask = 2147483647;
			files = (
				1DF0817B26C1BB8600166F58 /* LaunchScreen.storyboard in Resources */,
				1DF0817826C1BB8600166F58 /* Assets.xcassets in Resources */,
				1DF0817626C1BB8500166F58 /* Main.storyboard in Resources */,
			);
			runOnlyForDeploymentPostprocessing = 0;
		};
/* End PBXResourcesBuildPhase section */

/* Begin PBXSourcesBuildPhase section */
		1DF0816726C1BB8500166F58 /* Sources */ = {
			isa = PBXSourcesBuildPhase;
			buildActionMask = 2147483647;
			files = (
				1DF0817326C1BB8500166F58 /* ClimaGeneralController.swift in Sources */,
				1DA84E4826C3EA2600C9B662 /* WeatherData.swift in Sources */,
				1DB7F2F126C27F69003D377A /* WeatherBrain.swift in Sources */,
				1DF0816F26C1BB8500166F58 /* AppDelegate.swift in Sources */,
				1DB3C64626C5036F00F97A76 /* WeatherModel.swift in Sources */,
				1DF0817126C1BB8500166F58 /* SceneDelegate.swift in Sources */,
			);
			runOnlyForDeploymentPostprocessing = 0;
		};
/* End PBXSourcesBuildPhase section */

/* Begin PBXVariantGroup section */
		1DF0817426C1BB8500166F58 /* Main.storyboard */ = {
			isa = PBXVariantGroup;
			children = (
				1DF0817526C1BB8500166F58 /* Base */,
			);
			name = Main.storyboard;
			sourceTree = "<group>";
		};
		1DF0817926C1BB8600166F58 /* LaunchScreen.storyboard */ = {
			isa = PBXVariantGroup;
			children = (
				1DF0817A26C1BB8600166F58 /* Base */,
			);
			name = LaunchScreen.storyboard;
			sourceTree = "<group>";
		};
/* End PBXVariantGroup section */

/* Begin XCBuildConfiguration section */
		1DF0817D26C1BB8600166F58 /* Debug */ = {
			isa = XCBuildConfiguration;
			buildSettings = {
				ALWAYS_SEARCH_USER_PATHS = NO;
				CLANG_ANALYZER_NONNULL = YES;
				CLANG_ANALYZER_NUMBER_OBJECT_CONVERSION = YES_AGGRESSIVE;
				CLANG_CXX_LANGUAGE_STANDARD = "gnu++14";
				CLANG_CXX_LIBRARY = "libc++";
				CLANG_ENABLE_MODULES = YES;
				CLANG_ENABLE_OBJC_ARC = YES;
				CLANG_ENABLE_OBJC_WEAK = YES;
				CLANG_WARN_BLOCK_CAPTURE_AUTORELEASING = YES;
				CLANG_WARN_BOOL_CONVERSION = YES;
				CLANG_WARN_COMMA = YES;
				CLANG_WARN_CONSTANT_CONVERSION = YES;
				CLANG_WARN_DEPRECATED_OBJC_IMPLEMENTATIONS = YES;
				CLANG_WARN_DIRECT_OBJC_ISA_USAGE = YES_ERROR;
				CLANG_WARN_DOCUMENTATION_COMMENTS = YES;
				CLANG_WARN_EMPTY_BODY = YES;
				CLANG_WARN_ENUM_CONVERSION = YES;
				CLANG_WARN_INFINITE_RECURSION = YES;
				CLANG_WARN_INT_CONVERSION = YES;
				CLANG_WARN_NON_LITERAL_NULL_CONVERSION = YES;
				CLANG_WARN_OBJC_IMPLICIT_RETAIN_SELF = YES;
				CLANG_WARN_OBJC_LITERAL_CONVERSION = YES;
				CLANG_WARN_OBJC_ROOT_CLASS = YES_ERROR;
				CLANG_WARN_QUOTED_INCLUDE_IN_FRAMEWORK_HEADER = YES;
				CLANG_WARN_RANGE_LOOP_ANALYSIS = YES;
				CLANG_WARN_STRICT_PROTOTYPES = YES;
				CLANG_WARN_SUSPICIOUS_MOVE = YES;
				CLANG_WARN_UNGUARDED_AVAILABILITY = YES_AGGRESSIVE;
				CLANG_WARN_UNREACHABLE_CODE = YES;
				CLANG_WARN__DUPLICATE_METHOD_MATCH = YES;
				COPY_PHASE_STRIP = NO;
				DEBUG_INFORMATION_FORMAT = dwarf;
				ENABLE_STRICT_OBJC_MSGSEND = YES;
				ENABLE_TESTABILITY = YES;
				GCC_C_LANGUAGE_STANDARD = gnu11;
				GCC_DYNAMIC_NO_PIC = NO;
				GCC_NO_COMMON_BLOCKS = YES;
				GCC_OPTIMIZATION_LEVEL = 0;
				GCC_PREPROCESSOR_DEFINITIONS = (
					"DEBUG=1",
					"$(inherited)",
				);
				GCC_WARN_64_TO_32_BIT_CONVERSION = YES;
				GCC_WARN_ABOUT_RETURN_TYPE = YES_ERROR;
				GCC_WARN_UNDECLARED_SELECTOR = YES;
				GCC_WARN_UNINITIALIZED_AUTOS = YES_AGGRESSIVE;
				GCC_WARN_UNUSED_FUNCTION = YES;
				GCC_WARN_UNUSED_VARIABLE = YES;
				IPHONEOS_DEPLOYMENT_TARGET = 14.5;
				MTL_ENABLE_DEBUG_INFO = INCLUDE_SOURCE;
				MTL_FAST_MATH = YES;
				ONLY_ACTIVE_ARCH = YES;
				SDKROOT = iphoneos;
				SWIFT_ACTIVE_COMPILATION_CONDITIONS = DEBUG;
				SWIFT_OPTIMIZATION_LEVEL = "-Onone";
			};
			name = Debug;
		};
		1DF0817E26C1BB8600166F58 /* Release */ = {
			isa = XCBuildConfiguration;
			buildSettings = {
				ALWAYS_SEARCH_USER_PATHS = NO;
				CLANG_ANALYZER_NONNULL = YES;
				CLANG_ANALYZER_NUMBER_OBJECT_CONVERSION = YES_AGGRESSIVE;
				CLANG_CXX_LANGUAGE_STANDARD = "gnu++14";
				CLANG_CXX_LIBRARY = "libc++";
				CLANG_ENABLE_MODULES = YES;
				CLANG_ENABLE_OBJC_ARC = YES;
				CLANG_ENABLE_OBJC_WEAK = YES;
				CLANG_WARN_BLOCK_CAPTURE_AUTORELEASING = YES;
				CLANG_WARN_BOOL_CONVERSION = YES;
				CLANG_WARN_COMMA = YES;
				CLANG_WARN_CONSTANT_CONVERSION = YES;
				CLANG_WARN_DEPRECATED_OBJC_IMPLEMENTATIONS = YES;
				CLANG_WARN_DIRECT_OBJC_ISA_USAGE = YES_ERROR;
				CLANG_WARN_DOCUMENTATION_COMMENTS = YES;
				CLANG_WARN_EMPTY_BODY = YES;
				CLANG_WARN_ENUM_CONVERSION = YES;
				CLANG_WARN_INFINITE_RECURSION = YES;
				CLANG_WARN_INT_CONVERSION = YES;
				CLANG_WARN_NON_LITERAL_NULL_CONVERSION = YES;
				CLANG_WARN_OBJC_IMPLICIT_RETAIN_SELF = YES;
				CLANG_WARN_OBJC_LITERAL_CONVERSION = YES;
				CLANG_WARN_OBJC_ROOT_CLASS = YES_ERROR;
				CLANG_WARN_QUOTED_INCLUDE_IN_FRAMEWORK_HEADER = YES;
				CLANG_WARN_RANGE_LOOP_ANALYSIS = YES;
				CLANG_WARN_STRICT_PROTOTYPES = YES;
				CLANG_WARN_SUSPICIOUS_MOVE = YES;
				CLANG_WARN_UNGUARDED_AVAILABILITY = YES_AGGRESSIVE;
				CLANG_WARN_UNREACHABLE_CODE = YES;
				CLANG_WARN__DUPLICATE_METHOD_MATCH = YES;
				COPY_PHASE_STRIP = NO;
				DEBUG_INFORMATION_FORMAT = "dwarf-with-dsym";
				ENABLE_NS_ASSERTIONS = NO;
				ENABLE_STRICT_OBJC_MSGSEND = YES;
				GCC_C_LANGUAGE_STANDARD = gnu11;
				GCC_NO_COMMON_BLOCKS = YES;
				GCC_WARN_64_TO_32_BIT_CONVERSION = YES;
				GCC_WARN_ABOUT_RETURN_TYPE = YES_ERROR;
				GCC_WARN_UNDECLARED_SELECTOR = YES;
				GCC_WARN_UNINITIALIZED_AUTOS = YES_AGGRESSIVE;
				GCC_WARN_UNUSED_FUNCTION = YES;
				GCC_WARN_UNUSED_VARIABLE = YES;
				IPHONEOS_DEPLOYMENT_TARGET = 14.5;
				MTL_ENABLE_DEBUG_INFO = NO;
				MTL_FAST_MATH = YES;
				SDKROOT = iphoneos;
				SWIFT_COMPILATION_MODE = wholemodule;
				SWIFT_OPTIMIZATION_LEVEL = "-O";
				VALIDATE_PRODUCT = YES;
			};
			name = Release;
		};
		1DF0818026C1BB8600166F58 /* Debug */ = {
			isa = XCBuildConfiguration;
			buildSettings = {
				ASSETCATALOG_COMPILER_APPICON_NAME = AppIcon;
				ASSETCATALOG_COMPILER_GLOBAL_ACCENT_COLOR_NAME = AccentColor;
				CODE_SIGN_STYLE = Automatic;
				DEVELOPMENT_TEAM = K64M8673AP;
				INFOPLIST_FILE = Clima/Info.plist;
				LD_RUNPATH_SEARCH_PATHS = (
					"$(inherited)",
					"@executable_path/Frameworks",
				);
				PRODUCT_BUNDLE_IDENTIFIER = com.jasursalimov.Clima;
				PRODUCT_NAME = "$(TARGET_NAME)";
				SWIFT_VERSION = 5.0;
				TARGETED_DEVICE_FAMILY = 1;
			};
			name = Debug;
		};
		1DF0818126C1BB8600166F58 /* Release */ = {
			isa = XCBuildConfiguration;
			buildSettings = {
				ASSETCATALOG_COMPILER_APPICON_NAME = AppIcon;
				ASSETCATALOG_COMPILER_GLOBAL_ACCENT_COLOR_NAME = AccentColor;
				CODE_SIGN_STYLE = Automatic;
				DEVELOPMENT_TEAM = K64M8673AP;
				INFOPLIST_FILE = Clima/Info.plist;
				LD_RUNPATH_SEARCH_PATHS = (
					"$(inherited)",
					"@executable_path/Frameworks",
				);
				PRODUCT_BUNDLE_IDENTIFIER = com.jasursalimov.Clima;
				PRODUCT_NAME = "$(TARGET_NAME)";
				SWIFT_VERSION = 5.0;
				TARGETED_DEVICE_FAMILY = 1;
			};
			name = Release;
		};
/* End XCBuildConfiguration section */

/* Begin XCConfigurationList section */
		1DF0816626C1BB8500166F58 /* Build configuration list for PBXProject "Clima" */ = {
			isa = XCConfigurationList;
			buildConfigurations = (
				1DF0817D26C1BB8600166F58 /* Debug */,
				1DF0817E26C1BB8600166F58 /* Release */,
			);
			defaultConfigurationIsVisible = 0;
			defaultConfigurationName = Release;
		};
		1DF0817F26C1BB8600166F58 /* Build configuration list for PBXNativeTarget "Clima" */ = {
			isa = XCConfigurationList;
			buildConfigurations = (
				1DF0818026C1BB8600166F58 /* Debug */,
				1DF0818126C1BB8600166F58 /* Release */,
			);
			defaultConfigurationIsVisible = 0;
			defaultConfigurationName = Release;
		};
/* End XCConfigurationList section */
	};
	rootObject = 1DF0816326C1BB8500166F58 /* Project object */;
}
